
Microsoft Visual Studio Solution File, Format Version 12.00
# Visual Studio 15
VisualStudioVersion = 15.0.28010.2016
MinimumVisualStudioVersion = 10.0.40219.1
Project("{9A19103F-16F7-4668-BE54-9A1E7A4F7556}") = "SapAgent.ExternalServices", "SapAgent.ExternalServices\SapAgent.ExternalServices.csproj", "{6639979C-3BFE-4EE9-907C-F2E09D45C783}"
EndProject
Project("{9A19103F-16F7-4668-BE54-9A1E7A4F7556}") = "SapAgent.API", "SapAgent.API\SapAgent.API.csproj", "{7EE7C8CD-CDD8-46DE-A9B9-C9B8AAB5A803}"
EndProject
Project("{9A19103F-16F7-4668-BE54-9A1E7A4F7556}") = "SapAgent.Jobs", "SapAgent.Jobs\SapAgent.Jobs.csproj", "{5E72DFB0-FB27-48E2-97D7-E93A0F598F6C}"
EndProject
Project("{9A19103F-16F7-4668-BE54-9A1E7A4F7556}") = "SapAgent.DataAccess", "SapAgent.DataAccess\SapAgent.DataAccess.csproj", "{B351D3C4-AF4B-4137-96DB-7B5617FF8382}"
EndProject
Project("{9A19103F-16F7-4668-BE54-9A1E7A4F7556}") = "SapAgent.Entities", "SapAgent.Entities\SapAgent.Entities.csproj", "{E3F5F807-7E64-44C9-AB55-56FC8735783D}"
EndProject
Project("{2150E333-8FDC-42A3-9474-1A3956D46DE8}") = "WebApi", "WebApi", "{61431094-B658-4C86-94A5-09B3F4259F10}"
EndProject
Project("{2150E333-8FDC-42A3-9474-1A3956D46DE8}") = "Data", "Data", "{157435D1-C6AE-4F0C-B0F2-AB4F32703C14}"
EndProject
Project("{2150E333-8FDC-42A3-9474-1A3956D46DE8}") = "Common", "Common", "{84697562-8732-43DA-A05A-5B8B9BF7A621}"
EndProject
Project("{2150E333-8FDC-42A3-9474-1A3956D46DE8}") = "Client", "Client", "{8190E2C3-C2DA-457F-8EAC-D35FFC9AA93C}"
EndProject
Project("{2150E333-8FDC-42A3-9474-1A3956D46DE8}") = "Service", "Service", "{33C5ED17-5147-4BDB-B38A-83FB91E28940}"
EndProject
Project("{2150E333-8FDC-42A3-9474-1A3956D46DE8}") = "Business", "Business", "{7494DDFB-AAE5-4466-BB2C-73D8F80C5BA8}"
EndProject
Project("{FAE04EC0-301F-11D3-BF4B-00C04F79EFBC}") = "SapAgent.Business", "SapAgent.Business\SapAgent.Business.csproj", "{DC5A9935-46DD-47C4-8A1C-5BEB13CFC112}"
EndProject
Project("{FAE04EC0-301F-11D3-BF4B-00C04F79EFBC}") = "Helpers", "Helpers\Helpers.csproj", "{7337F0C8-4008-4380-BF70-F2F708464AB4}"
EndProject
Global
	GlobalSection(SolutionConfigurationPlatforms) = preSolution
		Debug|Any CPU = Debug|Any CPU
		Release|Any CPU = Release|Any CPU
	EndGlobalSection
	GlobalSection(ProjectConfigurationPlatforms) = postSolution
		{6639979C-3BFE-4EE9-907C-F2E09D45C783}.Debug|Any CPU.ActiveCfg = Debug|Any CPU
		{6639979C-3BFE-4EE9-907C-F2E09D45C783}.Debug|Any CPU.Build.0 = Debug|Any CPU
		{6639979C-3BFE-4EE9-907C-F2E09D45C783}.Release|Any CPU.ActiveCfg = Release|Any CPU
		{6639979C-3BFE-4EE9-907C-F2E09D45C783}.Release|Any CPU.Build.0 = Release|Any CPU
		{7EE7C8CD-CDD8-46DE-A9B9-C9B8AAB5A803}.Debug|Any CPU.ActiveCfg = Debug|Any CPU
		{7EE7C8CD-CDD8-46DE-A9B9-C9B8AAB5A803}.Debug|Any CPU.Build.0 = Debug|Any CPU
		{7EE7C8CD-CDD8-46DE-A9B9-C9B8AAB5A803}.Release|Any CPU.ActiveCfg = Release|Any CPU
		{7EE7C8CD-CDD8-46DE-A9B9-C9B8AAB5A803}.Release|Any CPU.Build.0 = Release|Any CPU
		{5E72DFB0-FB27-48E2-97D7-E93A0F598F6C}.Debug|Any CPU.ActiveCfg = Debug|Any CPU
		{5E72DFB0-FB27-48E2-97D7-E93A0F598F6C}.Debug|Any CPU.Build.0 = Debug|Any CPU
		{5E72DFB0-FB27-48E2-97D7-E93A0F598F6C}.Release|Any CPU.ActiveCfg = Release|Any CPU
		{5E72DFB0-FB27-48E2-97D7-E93A0F598F6C}.Release|Any CPU.Build.0 = Release|Any CPU
		{B351D3C4-AF4B-4137-96DB-7B5617FF8382}.Debug|Any CPU.ActiveCfg = Debug|Any CPU
		{B351D3C4-AF4B-4137-96DB-7B5617FF8382}.Debug|Any CPU.Build.0 = Debug|Any CPU
		{B351D3C4-AF4B-4137-96DB-7B5617FF8382}.Release|Any CPU.ActiveCfg = Release|Any CPU
		{B351D3C4-AF4B-4137-96DB-7B5617FF8382}.Release|Any CPU.Build.0 = Release|Any CPU
		{E3F5F807-7E64-44C9-AB55-56FC8735783D}.Debug|Any CPU.ActiveCfg = Debug|Any CPU
		{E3F5F807-7E64-44C9-AB55-56FC8735783D}.Debug|Any CPU.Build.0 = Debug|Any CPU
		{E3F5F807-7E64-44C9-AB55-56FC8735783D}.Release|Any CPU.ActiveCfg = Release|Any CPU
		{E3F5F807-7E64-44C9-AB55-56FC8735783D}.Release|Any CPU.Build.0 = Release|Any CPU
		{DC5A9935-46DD-47C4-8A1C-5BEB13CFC112}.Debug|Any CPU.ActiveCfg = Debug|Any CPU
		{DC5A9935-46DD-47C4-8A1C-5BEB13CFC112}.Debug|Any CPU.Build.0 = Debug|Any CPU
		{DC5A9935-46DD-47C4-8A1C-5BEB13CFC112}.Release|Any CPU.ActiveCfg = Release|Any CPU
		{DC5A9935-46DD-47C4-8A1C-5BEB13CFC112}.Release|Any CPU.Build.0 = Release|Any CPU
		{7337F0C8-4008-4380-BF70-F2F708464AB4}.Debug|Any CPU.ActiveCfg = Debug|Any CPU
		{7337F0C8-4008-4380-BF70-F2F708464AB4}.Debug|Any CPU.Build.0 = Debug|Any CPU
		{7337F0C8-4008-4380-BF70-F2F708464AB4}.Release|Any CPU.ActiveCfg = Release|Any CPU
		{7337F0C8-4008-4380-BF70-F2F708464AB4}.Release|Any CPU.Build.0 = Release|Any CPU
	EndGlobalSection
	GlobalSection(SolutionProperties) = preSolution
		HideSolutionNode = FALSE
	EndGlobalSection
	GlobalSection(NestedProjects) = preSolution
		{6639979C-3BFE-4EE9-907C-F2E09D45C783} = {33C5ED17-5147-4BDB-B38A-83FB91E28940}
		{7EE7C8CD-CDD8-46DE-A9B9-C9B8AAB5A803} = {61431094-B658-4C86-94A5-09B3F4259F10}
		{5E72DFB0-FB27-48E2-97D7-E93A0F598F6C} = {61431094-B658-4C86-94A5-09B3F4259F10}
		{B351D3C4-AF4B-4137-96DB-7B5617FF8382} = {157435D1-C6AE-4F0C-B0F2-AB4F32703C14}
		{E3F5F807-7E64-44C9-AB55-56FC8735783D} = {157435D1-C6AE-4F0C-B0F2-AB4F32703C14}
		{DC5A9935-46DD-47C4-8A1C-5BEB13CFC112} = {7494DDFB-AAE5-4466-BB2C-73D8F80C5BA8}
		{7337F0C8-4008-4380-BF70-F2F708464AB4} = {84697562-8732-43DA-A05A-5B8B9BF7A621}
	EndGlobalSection
	GlobalSection(ExtensibilityGlobals) = postSolution
		SolutionGuid = {C7469AD6-E878-4C76-9389-C87613AC613E}
	EndGlobalSection
EndGlobal
